
Microsoft Visual Studio Solution File, Format Version 12.00
# Visual Studio 2013
VisualStudioVersion = 12.0.30501.0
MinimumVisualStudioVersion = 10.0.40219.1
Project("{FAE04EC0-301F-11D3-BF4B-00C04F79EFBC}") = "ModelFirstExample", "ModelFirstExample\ModelFirstExample.csproj", "{490C91A5-7837-4391-8517-01770D887E59}"
EndProject
Global
	GlobalSection(SolutionConfigurationPlatforms) = preSolution
		Debug|Any CPU = Debug|Any CPU
		Release|Any CPU = Release|Any CPU
	EndGlobalSection
	GlobalSection(ProjectConfigurationPlatforms) = postSolution
		{490C91A5-7837-4391-8517-01770D887E59}.Debug|Any CPU.ActiveCfg = Debug|Any CPU
		{490C91A5-7837-4391-8517-01770D887E59}.Debug|Any CPU.Build.0 = Debug|Any CPU
		{490C91A5-7837-4391-8517-01770D887E59}.Release|Any CPU.ActiveCfg = Release|Any CPU
		{490C91A5-7837-4391-8517-01770D887E59}.Release|Any CPU.Build.0 = Release|Any CPU
	EndGlobalSection
	GlobalSection(SolutionProperties) = preSolution
		HideSolutionNode = FALSE
	EndGlobalSection
EndGlobal
